// !$*UTF8*$!
{
	archiveVersion = 1;
	classes = {
	};
	objectVersion = 56;
	objects = {

/* Begin PBXBuildFile section */
		843949B22B1EE49000F2C59B /* AppDelegate.swift in Sources */ = {isa = PBXBuildFile; fileRef = 843949B12B1EE49000F2C59B /* AppDelegate.swift */; };
		843949B62B1EE49000F2C59B /* PasswordResetViewController.swift in Sources */ = {isa = PBXBuildFile; fileRef = 843949B52B1EE49000F2C59B /* PasswordResetViewController.swift */; };
		843949BB2B1EE49300F2C59B /* Assets.xcassets in Resources */ = {isa = PBXBuildFile; fileRef = 843949BA2B1EE49300F2C59B /* Assets.xcassets */; };
		843949BE2B1EE49300F2C59B /* LaunchScreen.storyboard in Resources */ = {isa = PBXBuildFile; fileRef = 843949BC2B1EE49300F2C59B /* LaunchScreen.storyboard */; };
		843949C72B1EEAC300F2C59B /* PasswordTextField.swift in Sources */ = {isa = PBXBuildFile; fileRef = 843949C62B1EEAC200F2C59B /* PasswordTextField.swift */; };
		843949DD2B20311100F2C59B /* PasswordCriteriaView.swift in Sources */ = {isa = PBXBuildFile; fileRef = 843949DC2B20311100F2C59B /* PasswordCriteriaView.swift */; };
		843949E02B2038BA00F2C59B /* PasswordStatusView.swift in Sources */ = {isa = PBXBuildFile; fileRef = 843949DF2B2038BA00F2C59B /* PasswordStatusView.swift */; };
		843949E92B217E3700F2C59B /* PasswordCritieria.swift in Sources */ = {isa = PBXBuildFile; fileRef = 843949E82B217E3700F2C59B /* PasswordCritieria.swift */; };
		843949EC2B2194BF00F2C59B /* UIResponder+Utils.swift in Sources */ = {isa = PBXBuildFile; fileRef = 843949EB2B2194BE00F2C59B /* UIResponder+Utils.swift */; };
		84C9FA142B22FC3D0054E90E /* PasswordCriteriaTests.swift in Sources */ = {isa = PBXBuildFile; fileRef = 84C9FA132B22FC3D0054E90E /* PasswordCriteriaTests.swift */; };
		84C9FA162B243BEC0054E90E /* PasswordStatusViewTests.swift in Sources */ = {isa = PBXBuildFile; fileRef = 84C9FA152B243BEC0054E90E /* PasswordStatusViewTests.swift */; };
		84C9FA182B2443D30054E90E /* ViewControllerTests.swift in Sources */ = {isa = PBXBuildFile; fileRef = 84C9FA172B2443D30054E90E /* ViewControllerTests.swift */; };
		84C9FA1E2B24C0390054E90E /* MainAppViewController.swift in Sources */ = {isa = PBXBuildFile; fileRef = 84C9FA1D2B24C0390054E90E /* MainAppViewController.swift */; };
		84C9FA212B24C5FC0054E90E /* HorizontalViewController.swift in Sources */ = {isa = PBXBuildFile; fileRef = 84C9FA202B24C5FC0054E90E /* HorizontalViewController.swift */; };
		84C9FA232B2571350054E90E /* CarouselCardView.swift in Sources */ = {isa = PBXBuildFile; fileRef = 84C9FA222B2571350054E90E /* CarouselCardView.swift */; };
		84C9FA252B2572850054E90E /* UIImageView+Utils.swift in Sources */ = {isa = PBXBuildFile; fileRef = 84C9FA242B2572850054E90E /* UIImageView+Utils.swift */; };
		84C9FA292B2820540054E90E /* GridViewController.swift in Sources */ = {isa = PBXBuildFile; fileRef = 84C9FA282B2820540054E90E /* GridViewController.swift */; };
/* End PBXBuildFile section */

/* Begin PBXContainerItemProxy section */
		84C9FA0E2B22FB7B0054E90E /* PBXContainerItemProxy */ = {
			isa = PBXContainerItemProxy;
			containerPortal = 843949A62B1EE49000F2C59B /* Project object */;
			proxyType = 1;
			remoteGlobalIDString = 843949AD2B1EE49000F2C59B;
			remoteInfo = UIKitArcade;
		};
/* End PBXContainerItemProxy section */

/* Begin PBXFileReference section */
		843949AE2B1EE49000F2C59B /* UIKitArcade.app */ = {isa = PBXFileReference; explicitFileType = wrapper.application; includeInIndex = 0; path = UIKitArcade.app; sourceTree = BUILT_PRODUCTS_DIR; };
		843949B12B1EE49000F2C59B /* AppDelegate.swift */ = {isa = PBXFileReference; lastKnownFileType = sourcecode.swift; path = AppDelegate.swift; sourceTree = "<group>"; };
		843949B52B1EE49000F2C59B /* PasswordResetViewController.swift */ = {isa = PBXFileReference; lastKnownFileType = sourcecode.swift; path = PasswordResetViewController.swift; sourceTree = "<group>"; };
		843949BA2B1EE49300F2C59B /* Assets.xcassets */ = {isa = PBXFileReference; lastKnownFileType = folder.assetcatalog; path = Assets.xcassets; sourceTree = "<group>"; };
		843949BD2B1EE49300F2C59B /* Base */ = {isa = PBXFileReference; lastKnownFileType = file.storyboard; name = Base; path = Base.lproj/LaunchScreen.storyboard; sourceTree = "<group>"; };
		843949BF2B1EE49300F2C59B /* Info.plist */ = {isa = PBXFileReference; lastKnownFileType = text.plist.xml; path = Info.plist; sourceTree = "<group>"; };
		843949C62B1EEAC200F2C59B /* PasswordTextField.swift */ = {isa = PBXFileReference; lastKnownFileType = sourcecode.swift; path = PasswordTextField.swift; sourceTree = "<group>"; };
		843949DC2B20311100F2C59B /* PasswordCriteriaView.swift */ = {isa = PBXFileReference; lastKnownFileType = sourcecode.swift; path = PasswordCriteriaView.swift; sourceTree = "<group>"; };
		843949DF2B2038BA00F2C59B /* PasswordStatusView.swift */ = {isa = PBXFileReference; lastKnownFileType = sourcecode.swift; path = PasswordStatusView.swift; sourceTree = "<group>"; };
		843949E82B217E3700F2C59B /* PasswordCritieria.swift */ = {isa = PBXFileReference; lastKnownFileType = sourcecode.swift; path = PasswordCritieria.swift; sourceTree = "<group>"; };
		843949EB2B2194BE00F2C59B /* UIResponder+Utils.swift */ = {isa = PBXFileReference; lastKnownFileType = sourcecode.swift; path = "UIResponder+Utils.swift"; sourceTree = "<group>"; };
		84C9FA0A2B22FB7B0054E90E /* UIKitArcadeTests.xctest */ = {isa = PBXFileReference; explicitFileType = wrapper.cfbundle; includeInIndex = 0; path = UIKitArcadeTests.xctest; sourceTree = BUILT_PRODUCTS_DIR; };
		84C9FA132B22FC3D0054E90E /* PasswordCriteriaTests.swift */ = {isa = PBXFileReference; lastKnownFileType = sourcecode.swift; path = PasswordCriteriaTests.swift; sourceTree = "<group>"; };
		84C9FA152B243BEC0054E90E /* PasswordStatusViewTests.swift */ = {isa = PBXFileReference; lastKnownFileType = sourcecode.swift; path = PasswordStatusViewTests.swift; sourceTree = "<group>"; };
		84C9FA172B2443D30054E90E /* ViewControllerTests.swift */ = {isa = PBXFileReference; lastKnownFileType = sourcecode.swift; path = ViewControllerTests.swift; sourceTree = "<group>"; };
		84C9FA1D2B24C0390054E90E /* MainAppViewController.swift */ = {isa = PBXFileReference; lastKnownFileType = sourcecode.swift; path = MainAppViewController.swift; sourceTree = "<group>"; };
		84C9FA202B24C5FC0054E90E /* HorizontalViewController.swift */ = {isa = PBXFileReference; lastKnownFileType = sourcecode.swift; path = HorizontalViewController.swift; sourceTree = "<group>"; };
		84C9FA222B2571350054E90E /* CarouselCardView.swift */ = {isa = PBXFileReference; lastKnownFileType = sourcecode.swift; path = CarouselCardView.swift; sourceTree = "<group>"; };
		84C9FA242B2572850054E90E /* UIImageView+Utils.swift */ = {isa = PBXFileReference; lastKnownFileType = sourcecode.swift; path = "UIImageView+Utils.swift"; sourceTree = "<group>"; };
		84C9FA282B2820540054E90E /* GridViewController.swift */ = {isa = PBXFileReference; lastKnownFileType = sourcecode.swift; path = GridViewController.swift; sourceTree = "<group>"; };
/* End PBXFileReference section */

/* Begin PBXFrameworksBuildPhase section */
		843949AB2B1EE49000F2C59B /* Frameworks */ = {
			isa = PBXFrameworksBuildPhase;
			buildActionMask = 2147483647;
			files = (
			);
			runOnlyForDeploymentPostprocessing = 0;
		};
		84C9FA072B22FB7B0054E90E /* Frameworks */ = {
			isa = PBXFrameworksBuildPhase;
			buildActionMask = 2147483647;
			files = (
			);
			runOnlyForDeploymentPostprocessing = 0;
		};
/* End PBXFrameworksBuildPhase section */

/* Begin PBXGroup section */
		843949A52B1EE49000F2C59B = {
			isa = PBXGroup;
			children = (
				843949B02B1EE49000F2C59B /* UIKitArcade */,
				84C9FA0B2B22FB7B0054E90E /* UIKitArcadeTests */,
				843949AF2B1EE49000F2C59B /* Products */,
			);
			sourceTree = "<group>";
		};
		843949AF2B1EE49000F2C59B /* Products */ = {
			isa = PBXGroup;
			children = (
				843949AE2B1EE49000F2C59B /* UIKitArcade.app */,
				84C9FA0A2B22FB7B0054E90E /* UIKitArcadeTests.xctest */,
			);
			name = Products;
			sourceTree = "<group>";
		};
		843949B02B1EE49000F2C59B /* UIKitArcade */ = {
			isa = PBXGroup;
			children = (
				84C9FA192B24BBE20054E90E /* ViewControllers */,
				843949EA2B2194AE00F2C59B /* Utils */,
				843949B12B1EE49000F2C59B /* AppDelegate.swift */,
				843949C52B1EE69E00F2C59B /* Files */,
			);
			path = UIKitArcade;
			sourceTree = "<group>";
		};
		843949C52B1EE69E00F2C59B /* Files */ = {
			isa = PBXGroup;
			children = (
				843949BA2B1EE49300F2C59B /* Assets.xcassets */,
				843949BC2B1EE49300F2C59B /* LaunchScreen.storyboard */,
				843949BF2B1EE49300F2C59B /* Info.plist */,
			);
			name = Files;
			sourceTree = "<group>";
		};
		843949DE2B2034EF00F2C59B /* PasswordStatusView */ = {
			isa = PBXGroup;
			children = (
				843949DC2B20311100F2C59B /* PasswordCriteriaView.swift */,
				843949DF2B2038BA00F2C59B /* PasswordStatusView.swift */,
				843949E82B217E3700F2C59B /* PasswordCritieria.swift */,
			);
			path = PasswordStatusView;
			sourceTree = "<group>";
		};
		843949EA2B2194AE00F2C59B /* Utils */ = {
			isa = PBXGroup;
			children = (
				843949EB2B2194BE00F2C59B /* UIResponder+Utils.swift */,
				84C9FA242B2572850054E90E /* UIImageView+Utils.swift */,
			);
			name = Utils;
			sourceTree = "<group>";
		};
		84C9FA0B2B22FB7B0054E90E /* UIKitArcadeTests */ = {
			isa = PBXGroup;
			children = (
				84C9FA132B22FC3D0054E90E /* PasswordCriteriaTests.swift */,
				84C9FA152B243BEC0054E90E /* PasswordStatusViewTests.swift */,
				84C9FA172B2443D30054E90E /* ViewControllerTests.swift */,
			);
			path = UIKitArcadeTests;
			sourceTree = "<group>";
		};
		84C9FA192B24BBE20054E90E /* ViewControllers */ = {
			isa = PBXGroup;
			children = (
				84C9FA272B2820370054E90E /* GridViewController */,
				84C9FA1F2B24C5E70054E90E /* HorizontalCarouselViewController */,
				84C9FA1C2B24C0190054E90E /* MainApp */,
				84C9FA1A2B24BBFA0054E90E /* PasswordReset */,
			);
			path = ViewControllers;
			sourceTree = "<group>";
		};
		84C9FA1A2B24BBFA0054E90E /* PasswordReset */ = {
			isa = PBXGroup;
			children = (
				843949B52B1EE49000F2C59B /* PasswordResetViewController.swift */,
				843949C62B1EEAC200F2C59B /* PasswordTextField.swift */,
				843949DE2B2034EF00F2C59B /* PasswordStatusView */,
			);
			path = PasswordReset;
			sourceTree = "<group>";
		};
		84C9FA1C2B24C0190054E90E /* MainApp */ = {
			isa = PBXGroup;
			children = (
				84C9FA1D2B24C0390054E90E /* MainAppViewController.swift */,
			);
			path = MainApp;
			sourceTree = "<group>";
		};
		84C9FA1F2B24C5E70054E90E /* HorizontalCarouselViewController */ = {
			isa = PBXGroup;
			children = (
				84C9FA202B24C5FC0054E90E /* HorizontalViewController.swift */,
				84C9FA222B2571350054E90E /* CarouselCardView.swift */,
			);
			path = HorizontalCarouselViewController;
			sourceTree = "<group>";
		};
		84C9FA272B2820370054E90E /* GridViewController */ = {
			isa = PBXGroup;
			children = (
				84C9FA282B2820540054E90E /* GridViewController.swift */,
			);
			path = GridViewController;
			sourceTree = "<group>";
		};
/* End PBXGroup section */

/* Begin PBXNativeTarget section */
		843949AD2B1EE49000F2C59B /* UIKitArcade */ = {
			isa = PBXNativeTarget;
			buildConfigurationList = 843949C22B1EE49300F2C59B /* Build configuration list for PBXNativeTarget "UIKitArcade" */;
			buildPhases = (
				843949AA2B1EE49000F2C59B /* Sources */,
				843949AB2B1EE49000F2C59B /* Frameworks */,
				843949AC2B1EE49000F2C59B /* Resources */,
			);
			buildRules = (
			);
			dependencies = (
			);
			name = UIKitArcade;
			productName = UIKitArcade;
			productReference = 843949AE2B1EE49000F2C59B /* UIKitArcade.app */;
			productType = "com.apple.product-type.application";
		};
		84C9FA092B22FB7B0054E90E /* UIKitArcadeTests */ = {
			isa = PBXNativeTarget;
			buildConfigurationList = 84C9FA122B22FB7B0054E90E /* Build configuration list for PBXNativeTarget "UIKitArcadeTests" */;
			buildPhases = (
				84C9FA062B22FB7B0054E90E /* Sources */,
				84C9FA072B22FB7B0054E90E /* Frameworks */,
				84C9FA082B22FB7B0054E90E /* Resources */,
			);
			buildRules = (
			);
			dependencies = (
				84C9FA0F2B22FB7B0054E90E /* PBXTargetDependency */,
			);
			name = UIKitArcadeTests;
			productName = UIKitArcadeTests;
			productReference = 84C9FA0A2B22FB7B0054E90E /* UIKitArcadeTests.xctest */;
			productType = "com.apple.product-type.bundle.unit-test";
		};
/* End PBXNativeTarget section */

/* Begin PBXProject section */
		843949A62B1EE49000F2C59B /* Project object */ = {
			isa = PBXProject;
			attributes = {
				BuildIndependentTargetsInParallel = 1;
				LastSwiftUpdateCheck = 1500;
				LastUpgradeCheck = 1500;
				TargetAttributes = {
					843949AD2B1EE49000F2C59B = {
						CreatedOnToolsVersion = 15.0.1;
					};
					84C9FA092B22FB7B0054E90E = {
						CreatedOnToolsVersion = 15.0.1;
						LastSwiftMigration = 1500;
						TestTargetID = 843949AD2B1EE49000F2C59B;
					};
				};
			};
			buildConfigurationList = 843949A92B1EE49000F2C59B /* Build configuration list for PBXProject "UIKitArcade" */;
			compatibilityVersion = "Xcode 14.0";
			developmentRegion = en;
			hasScannedForEncodings = 0;
			knownRegions = (
				en,
				Base,
			);
			mainGroup = 843949A52B1EE49000F2C59B;
			productRefGroup = 843949AF2B1EE49000F2C59B /* Products */;
			projectDirPath = "";
			projectRoot = "";
			targets = (
				843949AD2B1EE49000F2C59B /* UIKitArcade */,
				84C9FA092B22FB7B0054E90E /* UIKitArcadeTests */,
			);
		};
/* End PBXProject section */

/* Begin PBXResourcesBuildPhase section */
		843949AC2B1EE49000F2C59B /* Resources */ = {
			isa = PBXResourcesBuildPhase;
			buildActionMask = 2147483647;
			files = (
				843949BE2B1EE49300F2C59B /* LaunchScreen.storyboard in Resources */,
				843949BB2B1EE49300F2C59B /* Assets.xcassets in Resources */,
			);
			runOnlyForDeploymentPostprocessing = 0;
		};
		84C9FA082B22FB7B0054E90E /* Resources */ = {
			isa = PBXResourcesBuildPhase;
			buildActionMask = 2147483647;
			files = (
			);
			runOnlyForDeploymentPostprocessing = 0;
		};
/* End PBXResourcesBuildPhase section */

/* Begin PBXSourcesBuildPhase section */
		843949AA2B1EE49000F2C59B /* Sources */ = {
			isa = PBXSourcesBuildPhase;
			buildActionMask = 2147483647;
			files = (
				84C9FA252B2572850054E90E /* UIImageView+Utils.swift in Sources */,
				843949B62B1EE49000F2C59B /* PasswordResetViewController.swift in Sources */,
				84C9FA212B24C5FC0054E90E /* HorizontalViewController.swift in Sources */,
				84C9FA232B2571350054E90E /* CarouselCardView.swift in Sources */,
				843949EC2B2194BF00F2C59B /* UIResponder+Utils.swift in Sources */,
				843949E92B217E3700F2C59B /* PasswordCritieria.swift in Sources */,
				84C9FA1E2B24C0390054E90E /* MainAppViewController.swift in Sources */,
				843949B22B1EE49000F2C59B /* AppDelegate.swift in Sources */,
				84C9FA292B2820540054E90E /* GridViewController.swift in Sources */,
				843949DD2B20311100F2C59B /* PasswordCriteriaView.swift in Sources */,
				843949E02B2038BA00F2C59B /* PasswordStatusView.swift in Sources */,
				843949C72B1EEAC300F2C59B /* PasswordTextField.swift in Sources */,
			);
			runOnlyForDeploymentPostprocessing = 0;
		};
		84C9FA062B22FB7B0054E90E /* Sources */ = {
			isa = PBXSourcesBuildPhase;
			buildActionMask = 2147483647;
			files = (
				84C9FA182B2443D30054E90E /* ViewControllerTests.swift in Sources */,
				84C9FA142B22FC3D0054E90E /* PasswordCriteriaTests.swift in Sources */,
				84C9FA162B243BEC0054E90E /* PasswordStatusViewTests.swift in Sources */,
			);
			runOnlyForDeploymentPostprocessing = 0;
		};
/* End PBXSourcesBuildPhase section */

/* Begin PBXTargetDependency section */
		84C9FA0F2B22FB7B0054E90E /* PBXTargetDependency */ = {
			isa = PBXTargetDependency;
			target = 843949AD2B1EE49000F2C59B /* UIKitArcade */;
			targetProxy = 84C9FA0E2B22FB7B0054E90E /* PBXContainerItemProxy */;
		};
/* End PBXTargetDependency section */

/* Begin PBXVariantGroup section */
		843949BC2B1EE49300F2C59B /* LaunchScreen.storyboard */ = {
			isa = PBXVariantGroup;
			children = (
				843949BD2B1EE49300F2C59B /* Base */,
			);
			name = LaunchScreen.storyboard;
			sourceTree = "<group>";
		};
/* End PBXVariantGroup section */

/* Begin XCBuildConfiguration section */
		843949C02B1EE49300F2C59B /* Debug */ = {
			isa = XCBuildConfiguration;
			buildSettings = {
				ALWAYS_SEARCH_USER_PATHS = NO;
				ASSETCATALOG_COMPILER_GENERATE_SWIFT_ASSET_SYMBOL_EXTENSIONS = YES;
				CLANG_ANALYZER_NONNULL = YES;
				CLANG_ANALYZER_NUMBER_OBJECT_CONVERSION = YES_AGGRESSIVE;
				CLANG_CXX_LANGUAGE_STANDARD = "gnu++20";
				CLANG_ENABLE_MODULES = YES;
				CLANG_ENABLE_OBJC_ARC = YES;
				CLANG_ENABLE_OBJC_WEAK = YES;
				CLANG_WARN_BLOCK_CAPTURE_AUTORELEASING = YES;
				CLANG_WARN_BOOL_CONVERSION = YES;
				CLANG_WARN_COMMA = YES;
				CLANG_WARN_CONSTANT_CONVERSION = YES;
				CLANG_WARN_DEPRECATED_OBJC_IMPLEMENTATIONS = YES;
				CLANG_WARN_DIRECT_OBJC_ISA_USAGE = YES_ERROR;
				CLANG_WARN_DOCUMENTATION_COMMENTS = YES;
				CLANG_WARN_EMPTY_BODY = YES;
				CLANG_WARN_ENUM_CONVERSION = YES;
				CLANG_WARN_INFINITE_RECURSION = YES;
				CLANG_WARN_INT_CONVERSION = YES;
				CLANG_WARN_NON_LITERAL_NULL_CONVERSION = YES;
				CLANG_WARN_OBJC_IMPLICIT_RETAIN_SELF = YES;
				CLANG_WARN_OBJC_LITERAL_CONVERSION = YES;
				CLANG_WARN_OBJC_ROOT_CLASS = YES_ERROR;
				CLANG_WARN_QUOTED_INCLUDE_IN_FRAMEWORK_HEADER = YES;
				CLANG_WARN_RANGE_LOOP_ANALYSIS = YES;
				CLANG_WARN_STRICT_PROTOTYPES = YES;
				CLANG_WARN_SUSPICIOUS_MOVE = YES;
				CLANG_WARN_UNGUARDED_AVAILABILITY = YES_AGGRESSIVE;
				CLANG_WARN_UNREACHABLE_CODE = YES;
				CLANG_WARN__DUPLICATE_METHOD_MATCH = YES;
				COPY_PHASE_STRIP = NO;
				DEBUG_INFORMATION_FORMAT = dwarf;
				ENABLE_STRICT_OBJC_MSGSEND = YES;
				ENABLE_TESTABILITY = YES;
				ENABLE_USER_SCRIPT_SANDBOXING = YES;
				GCC_C_LANGUAGE_STANDARD = gnu17;
				GCC_DYNAMIC_NO_PIC = NO;
				GCC_NO_COMMON_BLOCKS = YES;
				GCC_OPTIMIZATION_LEVEL = 0;
				GCC_PREPROCESSOR_DEFINITIONS = (
					"DEBUG=1",
					"$(inherited)",
				);
				GCC_WARN_64_TO_32_BIT_CONVERSION = YES;
				GCC_WARN_ABOUT_RETURN_TYPE = YES_ERROR;
				GCC_WARN_UNDECLARED_SELECTOR = YES;
				GCC_WARN_UNINITIALIZED_AUTOS = YES_AGGRESSIVE;
				GCC_WARN_UNUSED_FUNCTION = YES;
				GCC_WARN_UNUSED_VARIABLE = YES;
				IPHONEOS_DEPLOYMENT_TARGET = 17.0;
				LOCALIZATION_PREFERS_STRING_CATALOGS = YES;
				MTL_ENABLE_DEBUG_INFO = INCLUDE_SOURCE;
				MTL_FAST_MATH = YES;
				ONLY_ACTIVE_ARCH = YES;
				SDKROOT = iphoneos;
				SWIFT_ACTIVE_COMPILATION_CONDITIONS = "DEBUG $(inherited)";
				SWIFT_OPTIMIZATION_LEVEL = "-Onone";
			};
			name = Debug;
		};
		843949C12B1EE49300F2C59B /* Release */ = {
			isa = XCBuildConfiguration;
			buildSettings = {
				ALWAYS_SEARCH_USER_PATHS = NO;
				ASSETCATALOG_COMPILER_GENERATE_SWIFT_ASSET_SYMBOL_EXTENSIONS = YES;
				CLANG_ANALYZER_NONNULL = YES;
				CLANG_ANALYZER_NUMBER_OBJECT_CONVERSION = YES_AGGRESSIVE;
				CLANG_CXX_LANGUAGE_STANDARD = "gnu++20";
				CLANG_ENABLE_MODULES = YES;
				CLANG_ENABLE_OBJC_ARC = YES;
				CLANG_ENABLE_OBJC_WEAK = YES;
				CLANG_WARN_BLOCK_CAPTURE_AUTORELEASING = YES;
				CLANG_WARN_BOOL_CONVERSION = YES;
				CLANG_WARN_COMMA = YES;
				CLANG_WARN_CONSTANT_CONVERSION = YES;
				CLANG_WARN_DEPRECATED_OBJC_IMPLEMENTATIONS = YES;
				CLANG_WARN_DIRECT_OBJC_ISA_USAGE = YES_ERROR;
				CLANG_WARN_DOCUMENTATION_COMMENTS = YES;
				CLANG_WARN_EMPTY_BODY = YES;
				CLANG_WARN_ENUM_CONVERSION = YES;
				CLANG_WARN_INFINITE_RECURSION = YES;
				CLANG_WARN_INT_CONVERSION = YES;
				CLANG_WARN_NON_LITERAL_NULL_CONVERSION = YES;
				CLANG_WARN_OBJC_IMPLICIT_RETAIN_SELF = YES;
				CLANG_WARN_OBJC_LITERAL_CONVERSION = YES;
				CLANG_WARN_OBJC_ROOT_CLASS = YES_ERROR;
				CLANG_WARN_QUOTED_INCLUDE_IN_FRAMEWORK_HEADER = YES;
				CLANG_WARN_RANGE_LOOP_ANALYSIS = YES;
				CLANG_WARN_STRICT_PROTOTYPES = YES;
				CLANG_WARN_SUSPICIOUS_MOVE = YES;
				CLANG_WARN_UNGUARDED_AVAILABILITY = YES_AGGRESSIVE;
				CLANG_WARN_UNREACHABLE_CODE = YES;
				CLANG_WARN__DUPLICATE_METHOD_MATCH = YES;
				COPY_PHASE_STRIP = NO;
				DEBUG_INFORMATION_FORMAT = "dwarf-with-dsym";
				ENABLE_NS_ASSERTIONS = NO;
				ENABLE_STRICT_OBJC_MSGSEND = YES;
				ENABLE_USER_SCRIPT_SANDBOXING = YES;
				GCC_C_LANGUAGE_STANDARD = gnu17;
				GCC_NO_COMMON_BLOCKS = YES;
				GCC_WARN_64_TO_32_BIT_CONVERSION = YES;
				GCC_WARN_ABOUT_RETURN_TYPE = YES_ERROR;
				GCC_WARN_UNDECLARED_SELECTOR = YES;
				GCC_WARN_UNINITIALIZED_AUTOS = YES_AGGRESSIVE;
				GCC_WARN_UNUSED_FUNCTION = YES;
				GCC_WARN_UNUSED_VARIABLE = YES;
				IPHONEOS_DEPLOYMENT_TARGET = 17.0;
				LOCALIZATION_PREFERS_STRING_CATALOGS = YES;
				MTL_ENABLE_DEBUG_INFO = NO;
				MTL_FAST_MATH = YES;
				SDKROOT = iphoneos;
				SWIFT_COMPILATION_MODE = wholemodule;
				VALIDATE_PRODUCT = YES;
			};
			name = Release;
		};
		843949C32B1EE49300F2C59B /* Debug */ = {
			isa = XCBuildConfiguration;
			buildSettings = {
				ASSETCATALOG_COMPILER_APPICON_NAME = AppIcon;
				ASSETCATALOG_COMPILER_GLOBAL_ACCENT_COLOR_NAME = AccentColor;
				CODE_SIGN_STYLE = Automatic;
				CURRENT_PROJECT_VERSION = 1;
				DEVELOPMENT_TEAM = 548SPFR25M;
				GENERATE_INFOPLIST_FILE = YES;
				INFOPLIST_FILE = UIKitArcade/Info.plist;
				INFOPLIST_KEY_UIApplicationSupportsIndirectInputEvents = YES;
				INFOPLIST_KEY_UILaunchStoryboardName = LaunchScreen;
				INFOPLIST_KEY_UISupportedInterfaceOrientations_iPad = "UIInterfaceOrientationPortrait UIInterfaceOrientationPortraitUpsideDown UIInterfaceOrientationLandscapeLeft UIInterfaceOrientationLandscapeRight";
				INFOPLIST_KEY_UISupportedInterfaceOrientations_iPhone = "UIInterfaceOrientationPortrait UIInterfaceOrientationLandscapeLeft UIInterfaceOrientationLandscapeRight";
				LD_RUNPATH_SEARCH_PATHS = (
					"$(inherited)",
					"@executable_path/Frameworks",
				);
				MARKETING_VERSION = 1.0;
				PRODUCT_BUNDLE_IDENTIFIER = com.nopa.UIKitArcade;
				PRODUCT_NAME = "$(TARGET_NAME)";
				SWIFT_EMIT_LOC_STRINGS = YES;
				SWIFT_VERSION = 5.0;
				TARGETED_DEVICE_FAMILY = "1,2";
			};
			name = Debug;
		};
		843949C42B1EE49300F2C59B /* Release */ = {
			isa = XCBuildConfiguration;
			buildSettings = {
				ASSETCATALOG_COMPILER_APPICON_NAME = AppIcon;
				ASSETCATALOG_COMPILER_GLOBAL_ACCENT_COLOR_NAME = AccentColor;
				CODE_SIGN_STYLE = Automatic;
				CURRENT_PROJECT_VERSION = 1;
				DEVELOPMENT_TEAM = 548SPFR25M;
				GENERATE_INFOPLIST_FILE = YES;
				INFOPLIST_FILE = UIKitArcade/Info.plist;
				INFOPLIST_KEY_UIApplicationSupportsIndirectInputEvents = YES;
				INFOPLIST_KEY_UILaunchStoryboardName = LaunchScreen;
				INFOPLIST_KEY_UISupportedInterfaceOrientations_iPad = "UIInterfaceOrientationPortrait UIInterfaceOrientationPortraitUpsideDown UIInterfaceOrientationLandscapeLeft UIInterfaceOrientationLandscapeRight";
				INFOPLIST_KEY_UISupportedInterfaceOrientations_iPhone = "UIInterfaceOrientationPortrait UIInterfaceOrientationLandscapeLeft UIInterfaceOrientationLandscapeRight";
				LD_RUNPATH_SEARCH_PATHS = (
					"$(inherited)",
					"@executable_path/Frameworks",
				);
				MARKETING_VERSION = 1.0;
				PRODUCT_BUNDLE_IDENTIFIER = com.nopa.UIKitArcade;
				PRODUCT_NAME = "$(TARGET_NAME)";
				SWIFT_EMIT_LOC_STRINGS = YES;
				SWIFT_VERSION = 5.0;
				TARGETED_DEVICE_FAMILY = "1,2";
			};
			name = Release;
		};
		84C9FA102B22FB7B0054E90E /* Debug */ = {
			isa = XCBuildConfiguration;
			buildSettings = {
				BUNDLE_LOADER = "$(TEST_HOST)";
				CLANG_ENABLE_MODULES = YES;
				CODE_SIGN_STYLE = Automatic;
				CURRENT_PROJECT_VERSION = 1;
				DEVELOPMENT_TEAM = 548SPFR25M;
				GENERATE_INFOPLIST_FILE = YES;
				MARKETING_VERSION = 1.0;
				PRODUCT_BUNDLE_IDENTIFIER = com.nopa.UIKitArcadeTests;
				PRODUCT_NAME = "$(TARGET_NAME)";
				SWIFT_EMIT_LOC_STRINGS = NO;
				SWIFT_OPTIMIZATION_LEVEL = "-Onone";
				SWIFT_VERSION = 5.0;
				TARGETED_DEVICE_FAMILY = "1,2";
				TEST_HOST = "$(BUILT_PRODUCTS_DIR)/UIKitArcade.app/$(BUNDLE_EXECUTABLE_FOLDER_PATH)/UIKitArcade";
			};
			name = Debug;
		};
		84C9FA112B22FB7B0054E90E /* Release */ = {
			isa = XCBuildConfiguration;
			buildSettings = {
				BUNDLE_LOADER = "$(TEST_HOST)";
				CLANG_ENABLE_MODULES = YES;
				CODE_SIGN_STYLE = Automatic;
				CURRENT_PROJECT_VERSION = 1;
				DEVELOPMENT_TEAM = 548SPFR25M;
				GENERATE_INFOPLIST_FILE = YES;
				MARKETING_VERSION = 1.0;
				PRODUCT_BUNDLE_IDENTIFIER = com.nopa.UIKitArcadeTests;
				PRODUCT_NAME = "$(TARGET_NAME)";
				SWIFT_EMIT_LOC_STRINGS = NO;
				SWIFT_VERSION = 5.0;
				TARGETED_DEVICE_FAMILY = "1,2";
				TEST_HOST = "$(BUILT_PRODUCTS_DIR)/UIKitArcade.app/$(BUNDLE_EXECUTABLE_FOLDER_PATH)/UIKitArcade";
			};
			name = Release;
		};
/* End XCBuildConfiguration section */

/* Begin XCConfigurationList section */
		843949A92B1EE49000F2C59B /* Build configuration list for PBXProject "UIKitArcade" */ = {
			isa = XCConfigurationList;
			buildConfigurations = (
				843949C02B1EE49300F2C59B /* Debug */,
				843949C12B1EE49300F2C59B /* Release */,
			);
			defaultConfigurationIsVisible = 0;
			defaultConfigurationName = Release;
		};
		843949C22B1EE49300F2C59B /* Build configuration list for PBXNativeTarget "UIKitArcade" */ = {
			isa = XCConfigurationList;
			buildConfigurations = (
				843949C32B1EE49300F2C59B /* Debug */,
				843949C42B1EE49300F2C59B /* Release */,
			);
			defaultConfigurationIsVisible = 0;
			defaultConfigurationName = Release;
		};
		84C9FA122B22FB7B0054E90E /* Build configuration list for PBXNativeTarget "UIKitArcadeTests" */ = {
			isa = XCConfigurationList;
			buildConfigurations = (
				84C9FA102B22FB7B0054E90E /* Debug */,
				84C9FA112B22FB7B0054E90E /* Release */,
			);
			defaultConfigurationIsVisible = 0;
			defaultConfigurationName = Release;
		};
/* End XCConfigurationList section */
	};
	rootObject = 843949A62B1EE49000F2C59B /* Project object */;
}
